
Microsoft Visual Studio Solution File, Format Version 12.00
# Visual Studio Version 16
VisualStudioVersion = 16.0.31402.337
MinimumVisualStudioVersion = 10.0.40219.1
Project("{FAE04EC0-301F-11D3-BF4B-00C04F79EFBC}") = "Zoo_02", "Zoo_02.csproj", "{DA3CAB5E-CDC5-4D61-A22E-7C92BF4FA6EC}"
EndProject
Global
	GlobalSection(SolutionConfigurationPlatforms) = preSolution
		Debug|Any CPU = Debug|Any CPU
		Release|Any CPU = Release|Any CPU
	EndGlobalSection
	GlobalSection(ProjectConfigurationPlatforms) = postSolution
		{DA3CAB5E-CDC5-4D61-A22E-7C92BF4FA6EC}.Debug|Any CPU.ActiveCfg = Debug|Any CPU
		{DA3CAB5E-CDC5-4D61-A22E-7C92BF4FA6EC}.Debug|Any CPU.Build.0 = Debug|Any CPU
		{DA3CAB5E-CDC5-4D61-A22E-7C92BF4FA6EC}.Release|Any CPU.ActiveCfg = Release|Any CPU
		{DA3CAB5E-CDC5-4D61-A22E-7C92BF4FA6EC}.Release|Any CPU.Build.0 = Release|Any CPU
	EndGlobalSection
	GlobalSection(SolutionProperties) = preSolution
		HideSolutionNode = FALSE
	EndGlobalSection
	GlobalSection(ExtensibilityGlobals) = postSolution
		SolutionGuid = {11032BA3-1A65-4B6B-BD30-1625C5A0A40E}
	EndGlobalSection
EndGlobal
